
Microsoft Visual Studio Solution File, Format Version 12.00
# Visual Studio Version 16
VisualStudioVersion = 16.0.30611.23
MinimumVisualStudioVersion = 10.0.40219.1
Project("{8BC9CEB8-8B4A-11D0-8D11-00A0C91BC942}") = "HubScreenX11Commands", "HubScreenX11Commands.vcxproj", "{ADDD63F1-AF7F-4D9D-84F1-D73EC9C46F92}"
EndProject
Global
	GlobalSection(SolutionConfigurationPlatforms) = preSolution
		Debug|ARM = Debug|ARM
		Debug|ARM64 = Debug|ARM64
		Debug|x64 = Debug|x64
		Debug|x86 = Debug|x86
		Release|ARM = Release|ARM
		Release|ARM64 = Release|ARM64
		Release|x64 = Release|x64
		Release|x86 = Release|x86
	EndGlobalSection
	GlobalSection(ProjectConfigurationPlatforms) = postSolution
		{ADDD63F1-AF7F-4D9D-84F1-D73EC9C46F92}.Debug|ARM.ActiveCfg = Debug|ARM
		{ADDD63F1-AF7F-4D9D-84F1-D73EC9C46F92}.Debug|ARM.Build.0 = Debug|ARM
		{ADDD63F1-AF7F-4D9D-84F1-D73EC9C46F92}.Debug|ARM.Deploy.0 = Debug|ARM
		{ADDD63F1-AF7F-4D9D-84F1-D73EC9C46F92}.Debug|ARM64.ActiveCfg = Debug|ARM64
		{ADDD63F1-AF7F-4D9D-84F1-D73EC9C46F92}.Debug|ARM64.Build.0 = Debug|ARM64
		{ADDD63F1-AF7F-4D9D-84F1-D73EC9C46F92}.Debug|ARM64.Deploy.0 = Debug|ARM64
		{ADDD63F1-AF7F-4D9D-84F1-D73EC9C46F92}.Debug|x64.ActiveCfg = Debug|x64
		{ADDD63F1-AF7F-4D9D-84F1-D73EC9C46F92}.Debug|x64.Build.0 = Debug|x64
		{ADDD63F1-AF7F-4D9D-84F1-D73EC9C46F92}.Debug|x64.Deploy.0 = Debug|x64
		{ADDD63F1-AF7F-4D9D-84F1-D73EC9C46F92}.Debug|x86.ActiveCfg = Debug|x86
		{ADDD63F1-AF7F-4D9D-84F1-D73EC9C46F92}.Debug|x86.Build.0 = Debug|x86
		{ADDD63F1-AF7F-4D9D-84F1-D73EC9C46F92}.Debug|x86.Deploy.0 = Debug|x86
		{ADDD63F1-AF7F-4D9D-84F1-D73EC9C46F92}.Release|ARM.ActiveCfg = Release|ARM
		{ADDD63F1-AF7F-4D9D-84F1-D73EC9C46F92}.Release|ARM.Build.0 = Release|ARM
		{ADDD63F1-AF7F-4D9D-84F1-D73EC9C46F92}.Release|ARM.Deploy.0 = Release|ARM
		{ADDD63F1-AF7F-4D9D-84F1-D73EC9C46F92}.Release|ARM64.ActiveCfg = Release|ARM64
		{ADDD63F1-AF7F-4D9D-84F1-D73EC9C46F92}.Release|ARM64.Build.0 = Release|ARM64
		{ADDD63F1-AF7F-4D9D-84F1-D73EC9C46F92}.Release|ARM64.Deploy.0 = Release|ARM64
		{ADDD63F1-AF7F-4D9D-84F1-D73EC9C46F92}.Release|x64.ActiveCfg = Release|x64
		{ADDD63F1-AF7F-4D9D-84F1-D73EC9C46F92}.Release|x64.Build.0 = Release|x64
		{ADDD63F1-AF7F-4D9D-84F1-D73EC9C46F92}.Release|x64.Deploy.0 = Release|x64
		{ADDD63F1-AF7F-4D9D-84F1-D73EC9C46F92}.Release|x86.ActiveCfg = Release|x86
		{ADDD63F1-AF7F-4D9D-84F1-D73EC9C46F92}.Release|x86.Build.0 = Release|x86
		{ADDD63F1-AF7F-4D9D-84F1-D73EC9C46F92}.Release|x86.Deploy.0 = Release|x86
	EndGlobalSection
	GlobalSection(SolutionProperties) = preSolution
		HideSolutionNode = FALSE
	EndGlobalSection
	GlobalSection(ExtensibilityGlobals) = postSolution
		SolutionGuid = {DF8DCC5E-B682-4282-A3AE-9459AA747D31}
	EndGlobalSection
EndGlobal
